{
  "name": "eartickle",
  "version": "1.0.0",
  "lockfileVersion": 2,
  "requires": true,
  "packages": {
    "": {
      "name": "eartickle",
      "version": "1.0.0",
      "dependencies": {
        "@supabase/supabase-js": "^2.39.6",
        "react": "^18.2.0",
        "react-dom": "^18.2.0",
        "react-router-dom": "^6.20.1",
        "react-scripts": "5.0.1"
      }
    }
  },
  "dependencies": {
    "@supabase/supabase-js": {
      "version": "2.39.6",
      "resolved": "https://registry.npmjs.org/@supabase/supabase-js/-/supabase-js-2.39.6.tgz",
      "integrity": "sha512-xxxxxxxx",
      "requires": {}
    },
    "react": {
      "version": "18.2.0",
      "resolved": "https://registry.npmjs.org/react/-/react-18.2.0.tgz",
      "integrity": "sha512-xxxxxxxx",
      "requires": {}
    },
    "react-dom": {
      "version": "18.2.0",
      "resolved": "https://registry.npmjs.org/react-dom/-/react-dom-18.2.0.tgz",
      "integrity": "sha512-xxxxxxxx",
      "requires": {}
    },
    "react-router-dom": {
      "version": "6.20.1",
      "resolved": "https://registry.npmjs.org/react-router-dom/-/react-router-dom-6.20.1.tgz",
      "integrity": "sha512-xxxxxxxx",
      "requires": {}
    },
    "react-scripts": {
      "version": "5.0.1",
      "resolved": "https://registry.npmjs.org/react-scripts/-/react-scripts-5.0.1.tgz",
      "integrity": "sha512-xxxxxxxx",
      "requires": {}
    }
  }
}